Microsoft Visual Studio Solution File, Format Version 12.00
# Visual Studio Version 17
VisualStudioVersion = 17.5.2.0
MinimumVisualStudioVersion = 10.0.40219.1
Project("{2150E333-8FDC-42A3-9474-1A3956D46DE8}") = "src", "src", "{827E0CD3-B72D-47B6-A68D-7590B98EB39B}"
EndProject
Project("{2150E333-8FDC-42A3-9474-1A3956D46DE8}") = "tests", "tests", "{0AB3BF05-4346-4AA6-1389-037BE0695223}"
EndProject
Project("{FAE04EC0-301F-11D3-BF4B-00C04F79EFBC}") = "MyTemplate.Api", "src\MyTemplate.Api\MyTemplate.Api.csproj", "{2BBB2173-AFFB-6C83-E8B2-C37AAB2097EC}"
EndProject
Project("{FAE04EC0-301F-11D3-BF4B-00C04F79EFBC}") = "MyTemplate.Api.Tests", "tests\MyTemplate.Api.Tests\MyTemplate.Api.Tests.csproj", "{FF69F2E1-2FB2-D3B5-536E-D8D9D8129863}"
EndProject
Global
	GlobalSection(SolutionConfigurationPlatforms) = preSolution
		Debug|Any CPU = Debug|Any CPU
		Release|Any CPU = Release|Any CPU
	EndGlobalSection
	GlobalSection(ProjectConfigurationPlatforms) = postSolution
		{2BBB2173-AFFB-6C83-E8B2-C37AAB2097EC}.Debug|Any CPU.ActiveCfg = Debug|Any CPU
		{2BBB2173-AFFB-6C83-E8B2-C37AAB2097EC}.Debug|Any CPU.Build.0 = Debug|Any CPU
		{2BBB2173-AFFB-6C83-E8B2-C37AAB2097EC}.Release|Any CPU.ActiveCfg = Release|Any CPU
		{2BBB2173-AFFB-6C83-E8B2-C37AAB2097EC}.Release|Any CPU.Build.0 = Release|Any CPU
		{FF69F2E1-2FB2-D3B5-536E-D8D9D8129863}.Debug|Any CPU.ActiveCfg = Debug|Any CPU
		{FF69F2E1-2FB2-D3B5-536E-D8D9D8129863}.Debug|Any CPU.Build.0 = Debug|Any CPU
		{FF69F2E1-2FB2-D3B5-536E-D8D9D8129863}.Release|Any CPU.ActiveCfg = Release|Any CPU
		{FF69F2E1-2FB2-D3B5-536E-D8D9D8129863}.Release|Any CPU.Build.0 = Release|Any CPU
	EndGlobalSection
	GlobalSection(SolutionProperties) = preSolution
		HideSolutionNode = FALSE
	EndGlobalSection
	GlobalSection(NestedProjects) = preSolution
		{2BBB2173-AFFB-6C83-E8B2-C37AAB2097EC} = {827E0CD3-B72D-47B6-A68D-7590B98EB39B}
		{FF69F2E1-2FB2-D3B5-536E-D8D9D8129863} = {0AB3BF05-4346-4AA6-1389-037BE0695223}
	EndGlobalSection
	GlobalSection(ExtensibilityGlobals) = postSolution
		SolutionGuid = {A551C6D2-7E51-418D-8131-C6224C057C6E}
	EndGlobalSection
EndGlobal
