
Microsoft Visual Studio Solution File, Format Version 12.00
# Visual Studio Version 17
VisualStudioVersion = 17.0.31903.59
MinimumVisualStudioVersion = 10.0.40219.1
Project("{2150E333-8FDC-42A3-9474-1A3956D46DE8}") = "src", "src", "{827E0CD3-B72D-47B6-A68D-7590B98EB39B}"
EndProject
Project("{2150E333-8FDC-42A3-9474-1A3956D46DE8}") = "gateway", "gateway", "{6306A8FB-679E-111F-6585-8F70E0EE6013}"
EndProject
Project("{FAE04EC0-301F-11D3-BF4B-00C04F79EFBC}") = "Mtogo.Gateway.Yarp", "src\gateway\Mtogo.Gateway.Yarp\Mtogo.Gateway.Yarp.csproj", "{0D511EDE-4132-4750-8EC2-2198B3E38B3E}"
EndProject
Project("{2150E333-8FDC-42A3-9474-1A3956D46DE8}") = "legacy-menu", "legacy-menu", "{8E3D8EB3-CCD9-8FAB-306C-096A598E75B9}"
EndProject
Project("{FAE04EC0-301F-11D3-BF4B-00C04F79EFBC}") = "Mtogo.LegacyMenu.Api", "src\legacy-menu\Mtogo.LegacyMenu.Api\Mtogo.LegacyMenu.Api.csproj", "{FD493B8F-23E6-4CEB-AEB8-4A24490F7870}"
EndProject
Project("{2150E333-8FDC-42A3-9474-1A3956D46DE8}") = "services", "services", "{984BB9B3-3FA3-BE33-9484-CAC21695A33C}"
EndProject
Project("{2150E333-8FDC-42A3-9474-1A3956D46DE8}") = "ordering", "ordering", "{D3BAB01C-7F3F-8576-96BE-8BE70C9B9915}"
EndProject
Project("{FAE04EC0-301F-11D3-BF4B-00C04F79EFBC}") = "Mtogo.Ordering.Api", "src\services\ordering\Mtogo.Ordering.Api\Mtogo.Ordering.Api.csproj", "{9B4A962A-54E9-4C1B-9880-3B0C594CFB74}"
EndProject
Project("{2150E333-8FDC-42A3-9474-1A3956D46DE8}") = "shared", "shared", "{1CF083BF-0A1D-5B5F-37B1-E2F5EFE0303B}"
EndProject
Project("{FAE04EC0-301F-11D3-BF4B-00C04F79EFBC}") = "Mtogo.Contracts", "src\services\shared\Mtogo.Contracts\Mtogo.Contracts.csproj", "{85EC3118-B48E-4616-A8E2-CF0D1713AA12}"
EndProject
Project("{2150E333-8FDC-42A3-9474-1A3956D46DE8}") = "tests", "tests", "{0AB3BF05-4346-4AA6-1389-037BE0695223}"
EndProject
Project("{2150E333-8FDC-42A3-9474-1A3956D46DE8}") = "legacy-menu.tests", "legacy-menu.tests", "{8ACB855B-CCD0-687B-1675-D8DFB7E03205}"
EndProject
Project("{FAE04EC0-301F-11D3-BF4B-00C04F79EFBC}") = "Mtogo.LegacyMenu.Tests", "tests\legacy-menu.tests\Mtogo.LegacyMenu.Tests\Mtogo.LegacyMenu.Tests.csproj", "{1CC7B81C-8216-4D08-B804-039CDC4660AB}"
EndProject
Project("{2150E333-8FDC-42A3-9474-1A3956D46DE8}") = "ordering.tests", "ordering.tests", "{C689493F-2DA0-3874-E647-D6C3D035A8CD}"
EndProject
Project("{FAE04EC0-301F-11D3-BF4B-00C04F79EFBC}") = "Mtogo.Ordering.Tests", "tests\ordering.tests\Mtogo.Ordering.Tests\Mtogo.Ordering.Tests.csproj", "{FC095F7E-671B-4B63-985A-9DF7048729F5}"
EndProject
Global
	GlobalSection(SolutionConfigurationPlatforms) = preSolution
		Debug|Any CPU = Debug|Any CPU
		Debug|x64 = Debug|x64
		Debug|x86 = Debug|x86
		Release|Any CPU = Release|Any CPU
		Release|x64 = Release|x64
		Release|x86 = Release|x86
	EndGlobalSection
	GlobalSection(ProjectConfigurationPlatforms) = postSolution
		{0D511EDE-4132-4750-8EC2-2198B3E38B3E}.Debug|Any CPU.ActiveCfg = Debug|Any CPU
		{0D511EDE-4132-4750-8EC2-2198B3E38B3E}.Debug|Any CPU.Build.0 = Debug|Any CPU
		{0D511EDE-4132-4750-8EC2-2198B3E38B3E}.Debug|x64.ActiveCfg = Debug|Any CPU
		{0D511EDE-4132-4750-8EC2-2198B3E38B3E}.Debug|x64.Build.0 = Debug|Any CPU
		{0D511EDE-4132-4750-8EC2-2198B3E38B3E}.Debug|x86.ActiveCfg = Debug|Any CPU
		{0D511EDE-4132-4750-8EC2-2198B3E38B3E}.Debug|x86.Build.0 = Debug|Any CPU
		{0D511EDE-4132-4750-8EC2-2198B3E38B3E}.Release|Any CPU.ActiveCfg = Release|Any CPU
		{0D511EDE-4132-4750-8EC2-2198B3E38B3E}.Release|Any CPU.Build.0 = Release|Any CPU
		{0D511EDE-4132-4750-8EC2-2198B3E38B3E}.Release|x64.ActiveCfg = Release|Any CPU
		{0D511EDE-4132-4750-8EC2-2198B3E38B3E}.Release|x64.Build.0 = Release|Any CPU
		{0D511EDE-4132-4750-8EC2-2198B3E38B3E}.Release|x86.ActiveCfg = Release|Any CPU
		{0D511EDE-4132-4750-8EC2-2198B3E38B3E}.Release|x86.Build.0 = Release|Any CPU
		{FD493B8F-23E6-4CEB-AEB8-4A24490F7870}.Debug|Any CPU.ActiveCfg = Debug|Any CPU
		{FD493B8F-23E6-4CEB-AEB8-4A24490F7870}.Debug|Any CPU.Build.0 = Debug|Any CPU
		{FD493B8F-23E6-4CEB-AEB8-4A24490F7870}.Debug|x64.ActiveCfg = Debug|Any CPU
		{FD493B8F-23E6-4CEB-AEB8-4A24490F7870}.Debug|x64.Build.0 = Debug|Any CPU
		{FD493B8F-23E6-4CEB-AEB8-4A24490F7870}.Debug|x86.ActiveCfg = Debug|Any CPU
		{FD493B8F-23E6-4CEB-AEB8-4A24490F7870}.Debug|x86.Build.0 = Debug|Any CPU
		{FD493B8F-23E6-4CEB-AEB8-4A24490F7870}.Release|Any CPU.ActiveCfg = Release|Any CPU
		{FD493B8F-23E6-4CEB-AEB8-4A24490F7870}.Release|Any CPU.Build.0 = Release|Any CPU
		{FD493B8F-23E6-4CEB-AEB8-4A24490F7870}.Release|x64.ActiveCfg = Release|Any CPU
		{FD493B8F-23E6-4CEB-AEB8-4A24490F7870}.Release|x64.Build.0 = Release|Any CPU
		{FD493B8F-23E6-4CEB-AEB8-4A24490F7870}.Release|x86.ActiveCfg = Release|Any CPU
		{FD493B8F-23E6-4CEB-AEB8-4A24490F7870}.Release|x86.Build.0 = Release|Any CPU
		{9B4A962A-54E9-4C1B-9880-3B0C594CFB74}.Debug|Any CPU.ActiveCfg = Debug|Any CPU
		{9B4A962A-54E9-4C1B-9880-3B0C594CFB74}.Debug|Any CPU.Build.0 = Debug|Any CPU
		{9B4A962A-54E9-4C1B-9880-3B0C594CFB74}.Debug|x64.ActiveCfg = Debug|Any CPU
		{9B4A962A-54E9-4C1B-9880-3B0C594CFB74}.Debug|x64.Build.0 = Debug|Any CPU
		{9B4A962A-54E9-4C1B-9880-3B0C594CFB74}.Debug|x86.ActiveCfg = Debug|Any CPU
		{9B4A962A-54E9-4C1B-9880-3B0C594CFB74}.Debug|x86.Build.0 = Debug|Any CPU
		{9B4A962A-54E9-4C1B-9880-3B0C594CFB74}.Release|Any CPU.ActiveCfg = Release|Any CPU
		{9B4A962A-54E9-4C1B-9880-3B0C594CFB74}.Release|Any CPU.Build.0 = Release|Any CPU
		{9B4A962A-54E9-4C1B-9880-3B0C594CFB74}.Release|x64.ActiveCfg = Release|Any CPU
		{9B4A962A-54E9-4C1B-9880-3B0C594CFB74}.Release|x64.Build.0 = Release|Any CPU
		{9B4A962A-54E9-4C1B-9880-3B0C594CFB74}.Release|x86.ActiveCfg = Release|Any CPU
		{9B4A962A-54E9-4C1B-9880-3B0C594CFB74}.Release|x86.Build.0 = Release|Any CPU
		{85EC3118-B48E-4616-A8E2-CF0D1713AA12}.Debug|Any CPU.ActiveCfg = Debug|Any CPU
		{85EC3118-B48E-4616-A8E2-CF0D1713AA12}.Debug|Any CPU.Build.0 = Debug|Any CPU
		{85EC3118-B48E-4616-A8E2-CF0D1713AA12}.Debug|x64.ActiveCfg = Debug|Any CPU
		{85EC3118-B48E-4616-A8E2-CF0D1713AA12}.Debug|x64.Build.0 = Debug|Any CPU
		{85EC3118-B48E-4616-A8E2-CF0D1713AA12}.Debug|x86.ActiveCfg = Debug|Any CPU
		{85EC3118-B48E-4616-A8E2-CF0D1713AA12}.Debug|x86.Build.0 = Debug|Any CPU
		{85EC3118-B48E-4616-A8E2-CF0D1713AA12}.Release|Any CPU.ActiveCfg = Release|Any CPU
		{85EC3118-B48E-4616-A8E2-CF0D1713AA12}.Release|Any CPU.Build.0 = Release|Any CPU
		{85EC3118-B48E-4616-A8E2-CF0D1713AA12}.Release|x64.ActiveCfg = Release|Any CPU
		{85EC3118-B48E-4616-A8E2-CF0D1713AA12}.Release|x64.Build.0 = Release|Any CPU
		{85EC3118-B48E-4616-A8E2-CF0D1713AA12}.Release|x86.ActiveCfg = Release|Any CPU
		{85EC3118-B48E-4616-A8E2-CF0D1713AA12}.Release|x86.Build.0 = Release|Any CPU
		{1CC7B81C-8216-4D08-B804-039CDC4660AB}.Debug|Any CPU.ActiveCfg = Debug|Any CPU
		{1CC7B81C-8216-4D08-B804-039CDC4660AB}.Debug|Any CPU.Build.0 = Debug|Any CPU
		{1CC7B81C-8216-4D08-B804-039CDC4660AB}.Debug|x64.ActiveCfg = Debug|Any CPU
		{1CC7B81C-8216-4D08-B804-039CDC4660AB}.Debug|x64.Build.0 = Debug|Any CPU
		{1CC7B81C-8216-4D08-B804-039CDC4660AB}.Debug|x86.ActiveCfg = Debug|Any CPU
		{1CC7B81C-8216-4D08-B804-039CDC4660AB}.Debug|x86.Build.0 = Debug|Any CPU
		{1CC7B81C-8216-4D08-B804-039CDC4660AB}.Release|Any CPU.ActiveCfg = Release|Any CPU
		{1CC7B81C-8216-4D08-B804-039CDC4660AB}.Release|Any CPU.Build.0 = Release|Any CPU
		{1CC7B81C-8216-4D08-B804-039CDC4660AB}.Release|x64.ActiveCfg = Release|Any CPU
		{1CC7B81C-8216-4D08-B804-039CDC4660AB}.Release|x64.Build.0 = Release|Any CPU
		{1CC7B81C-8216-4D08-B804-039CDC4660AB}.Release|x86.ActiveCfg = Release|Any CPU
		{1CC7B81C-8216-4D08-B804-039CDC4660AB}.Release|x86.Build.0 = Release|Any CPU
		{FC095F7E-671B-4B63-985A-9DF7048729F5}.Debug|Any CPU.ActiveCfg = Debug|Any CPU
		{FC095F7E-671B-4B63-985A-9DF7048729F5}.Debug|Any CPU.Build.0 = Debug|Any CPU
		{FC095F7E-671B-4B63-985A-9DF7048729F5}.Debug|x64.ActiveCfg = Debug|Any CPU
		{FC095F7E-671B-4B63-985A-9DF7048729F5}.Debug|x64.Build.0 = Debug|Any CPU
		{FC095F7E-671B-4B63-985A-9DF7048729F5}.Debug|x86.ActiveCfg = Debug|Any CPU
		{FC095F7E-671B-4B63-985A-9DF7048729F5}.Debug|x86.Build.0 = Debug|Any CPU
		{FC095F7E-671B-4B63-985A-9DF7048729F5}.Release|Any CPU.ActiveCfg = Release|Any CPU
		{FC095F7E-671B-4B63-985A-9DF7048729F5}.Release|Any CPU.Build.0 = Release|Any CPU
		{FC095F7E-671B-4B63-985A-9DF7048729F5}.Release|x64.ActiveCfg = Release|Any CPU
		{FC095F7E-671B-4B63-985A-9DF7048729F5}.Release|x64.Build.0 = Release|Any CPU
		{FC095F7E-671B-4B63-985A-9DF7048729F5}.Release|x86.ActiveCfg = Release|Any CPU
		{FC095F7E-671B-4B63-985A-9DF7048729F5}.Release|x86.Build.0 = Release|Any CPU
	EndGlobalSection
	GlobalSection(SolutionProperties) = preSolution
		HideSolutionNode = FALSE
	EndGlobalSection
	GlobalSection(NestedProjects) = preSolution
		{6306A8FB-679E-111F-6585-8F70E0EE6013} = {827E0CD3-B72D-47B6-A68D-7590B98EB39B}
		{0D511EDE-4132-4750-8EC2-2198B3E38B3E} = {6306A8FB-679E-111F-6585-8F70E0EE6013}
		{8E3D8EB3-CCD9-8FAB-306C-096A598E75B9} = {827E0CD3-B72D-47B6-A68D-7590B98EB39B}
		{FD493B8F-23E6-4CEB-AEB8-4A24490F7870} = {8E3D8EB3-CCD9-8FAB-306C-096A598E75B9}
		{984BB9B3-3FA3-BE33-9484-CAC21695A33C} = {827E0CD3-B72D-47B6-A68D-7590B98EB39B}
		{D3BAB01C-7F3F-8576-96BE-8BE70C9B9915} = {984BB9B3-3FA3-BE33-9484-CAC21695A33C}
		{9B4A962A-54E9-4C1B-9880-3B0C594CFB74} = {D3BAB01C-7F3F-8576-96BE-8BE70C9B9915}
		{1CF083BF-0A1D-5B5F-37B1-E2F5EFE0303B} = {984BB9B3-3FA3-BE33-9484-CAC21695A33C}
		{85EC3118-B48E-4616-A8E2-CF0D1713AA12} = {1CF083BF-0A1D-5B5F-37B1-E2F5EFE0303B}
		{8ACB855B-CCD0-687B-1675-D8DFB7E03205} = {0AB3BF05-4346-4AA6-1389-037BE0695223}
		{1CC7B81C-8216-4D08-B804-039CDC4660AB} = {8ACB855B-CCD0-687B-1675-D8DFB7E03205}
		{C689493F-2DA0-3874-E647-D6C3D035A8CD} = {0AB3BF05-4346-4AA6-1389-037BE0695223}
		{FC095F7E-671B-4B63-985A-9DF7048729F5} = {C689493F-2DA0-3874-E647-D6C3D035A8CD}
	EndGlobalSection
EndGlobal
